
Microsoft Visual Studio Solution File, Format Version 12.00
# Visual Studio 15
VisualStudioVersion = 15.0.28307.438
MinimumVisualStudioVersion = 10.0.40219.1
Project("{FAE04EC0-301F-11D3-BF4B-00C04F79EFBC}") = "ReptoRepto.Api", "ReptoRepto\ReptoRepto.Api.csproj", "{C9CA69D6-E6AF-4C67-BEEB-6960D96ED7A5}"
EndProject
Project("{2150E333-8FDC-42A3-9474-1A3956D46DE8}") = "Common", "Common", "{9522F2BD-4F48-413B-B110-B686011D64D0}"
EndProject
Project("{2150E333-8FDC-42A3-9474-1A3956D46DE8}") = "Core", "Core", "{B0F795EE-46C5-4EF0-BCC0-DAD2439A579C}"
EndProject
Project("{2150E333-8FDC-42A3-9474-1A3956D46DE8}") = "Infrastructure", "Infrastructure", "{09B5C72A-AC17-4165-AEE5-181CB28B5812}"
EndProject
Project("{2150E333-8FDC-42A3-9474-1A3956D46DE8}") = "Presentation", "Presentation", "{5EC475B5-7644-489A-AD00-DF6A7CE2E2DE}"
EndProject
Project("{2150E333-8FDC-42A3-9474-1A3956D46DE8}") = "Tests", "Tests", "{120C41F0-43C8-48FF-92B2-9D09E5143F2B}"
EndProject
Project("{FAE04EC0-301F-11D3-BF4B-00C04F79EFBC}") = "ReptoRepto.Common", "ReptoRepto.Common\ReptoRepto.Common.csproj", "{AD5FA797-1A88-449C-A872-E6E03C825CD1}"
EndProject
Project("{FAE04EC0-301F-11D3-BF4B-00C04F79EFBC}") = "ReptoRepto.Application", "ReptoRepto.Application\ReptoRepto.Application.csproj", "{A7CCE744-BAC7-4543-A925-C5CE285046FE}"
EndProject
Project("{FAE04EC0-301F-11D3-BF4B-00C04F79EFBC}") = "ReptoRepto.Domain", "ReptoRepto.Domain\ReptoRepto.Domain.csproj", "{1F400162-E8E1-46FC-8D39-B3665C76501C}"
EndProject
Project("{FAE04EC0-301F-11D3-BF4B-00C04F79EFBC}") = "ReptoRepto.Infrastructure", "ReptoRepto.Infrastrucute\ReptoRepto.Infrastructure.csproj", "{8A9E1BD7-E168-4C36-9D44-75A0F9ED04E6}"
EndProject
Project("{FAE04EC0-301F-11D3-BF4B-00C04F79EFBC}") = "ReptoRepto.Persistence", "ReptoRepto.Persistence\ReptoRepto.Persistence.csproj", "{9A6C8E27-10ED-480C-877F-3D6537E89BFA}"
EndProject
Project("{FAE04EC0-301F-11D3-BF4B-00C04F79EFBC}") = "ReptoRepto.Test", "XUnitTestProject1\ReptoRepto.Test.csproj", "{FB07A72B-E356-4AEC-8C45-FD93CB3996A9}"
EndProject
Global
	GlobalSection(SolutionConfigurationPlatforms) = preSolution
		Debug|Any CPU = Debug|Any CPU
		Release|Any CPU = Release|Any CPU
	EndGlobalSection
	GlobalSection(ProjectConfigurationPlatforms) = postSolution
		{C9CA69D6-E6AF-4C67-BEEB-6960D96ED7A5}.Debug|Any CPU.ActiveCfg = Debug|Any CPU
		{C9CA69D6-E6AF-4C67-BEEB-6960D96ED7A5}.Debug|Any CPU.Build.0 = Debug|Any CPU
		{C9CA69D6-E6AF-4C67-BEEB-6960D96ED7A5}.Release|Any CPU.ActiveCfg = Release|Any CPU
		{C9CA69D6-E6AF-4C67-BEEB-6960D96ED7A5}.Release|Any CPU.Build.0 = Release|Any CPU
		{AD5FA797-1A88-449C-A872-E6E03C825CD1}.Debug|Any CPU.ActiveCfg = Debug|Any CPU
		{AD5FA797-1A88-449C-A872-E6E03C825CD1}.Debug|Any CPU.Build.0 = Debug|Any CPU
		{AD5FA797-1A88-449C-A872-E6E03C825CD1}.Release|Any CPU.ActiveCfg = Release|Any CPU
		{AD5FA797-1A88-449C-A872-E6E03C825CD1}.Release|Any CPU.Build.0 = Release|Any CPU
		{A7CCE744-BAC7-4543-A925-C5CE285046FE}.Debug|Any CPU.ActiveCfg = Debug|Any CPU
		{A7CCE744-BAC7-4543-A925-C5CE285046FE}.Debug|Any CPU.Build.0 = Debug|Any CPU
		{A7CCE744-BAC7-4543-A925-C5CE285046FE}.Release|Any CPU.ActiveCfg = Release|Any CPU
		{A7CCE744-BAC7-4543-A925-C5CE285046FE}.Release|Any CPU.Build.0 = Release|Any CPU
		{1F400162-E8E1-46FC-8D39-B3665C76501C}.Debug|Any CPU.ActiveCfg = Debug|Any CPU
		{1F400162-E8E1-46FC-8D39-B3665C76501C}.Debug|Any CPU.Build.0 = Debug|Any CPU
		{1F400162-E8E1-46FC-8D39-B3665C76501C}.Release|Any CPU.ActiveCfg = Release|Any CPU
		{1F400162-E8E1-46FC-8D39-B3665C76501C}.Release|Any CPU.Build.0 = Release|Any CPU
		{8A9E1BD7-E168-4C36-9D44-75A0F9ED04E6}.Debug|Any CPU.ActiveCfg = Debug|Any CPU
		{8A9E1BD7-E168-4C36-9D44-75A0F9ED04E6}.Debug|Any CPU.Build.0 = Debug|Any CPU
		{8A9E1BD7-E168-4C36-9D44-75A0F9ED04E6}.Release|Any CPU.ActiveCfg = Release|Any CPU
		{8A9E1BD7-E168-4C36-9D44-75A0F9ED04E6}.Release|Any CPU.Build.0 = Release|Any CPU
		{9A6C8E27-10ED-480C-877F-3D6537E89BFA}.Debug|Any CPU.ActiveCfg = Debug|Any CPU
		{9A6C8E27-10ED-480C-877F-3D6537E89BFA}.Debug|Any CPU.Build.0 = Debug|Any CPU
		{9A6C8E27-10ED-480C-877F-3D6537E89BFA}.Release|Any CPU.ActiveCfg = Release|Any CPU
		{9A6C8E27-10ED-480C-877F-3D6537E89BFA}.Release|Any CPU.Build.0 = Release|Any CPU
		{FB07A72B-E356-4AEC-8C45-FD93CB3996A9}.Debug|Any CPU.ActiveCfg = Debug|Any CPU
		{FB07A72B-E356-4AEC-8C45-FD93CB3996A9}.Debug|Any CPU.Build.0 = Debug|Any CPU
		{FB07A72B-E356-4AEC-8C45-FD93CB3996A9}.Release|Any CPU.ActiveCfg = Release|Any CPU
		{FB07A72B-E356-4AEC-8C45-FD93CB3996A9}.Release|Any CPU.Build.0 = Release|Any CPU
	EndGlobalSection
	GlobalSection(SolutionProperties) = preSolution
		HideSolutionNode = FALSE
	EndGlobalSection
	GlobalSection(NestedProjects) = preSolution
		{C9CA69D6-E6AF-4C67-BEEB-6960D96ED7A5} = {5EC475B5-7644-489A-AD00-DF6A7CE2E2DE}
		{AD5FA797-1A88-449C-A872-E6E03C825CD1} = {9522F2BD-4F48-413B-B110-B686011D64D0}
		{A7CCE744-BAC7-4543-A925-C5CE285046FE} = {B0F795EE-46C5-4EF0-BCC0-DAD2439A579C}
		{1F400162-E8E1-46FC-8D39-B3665C76501C} = {B0F795EE-46C5-4EF0-BCC0-DAD2439A579C}
		{8A9E1BD7-E168-4C36-9D44-75A0F9ED04E6} = {09B5C72A-AC17-4165-AEE5-181CB28B5812}
		{9A6C8E27-10ED-480C-877F-3D6537E89BFA} = {09B5C72A-AC17-4165-AEE5-181CB28B5812}
		{FB07A72B-E356-4AEC-8C45-FD93CB3996A9} = {120C41F0-43C8-48FF-92B2-9D09E5143F2B}
	EndGlobalSection
	GlobalSection(ExtensibilityGlobals) = postSolution
		SolutionGuid = {256306A9-8C31-4A5B-B20D-46FEDDC49946}
	EndGlobalSection
EndGlobal
